// !$*UTF8*$!
{
	archiveVersion = 1;
	classes = {
	};
	objectVersion = 55;
	objects = {

/* Begin PBXBuildFile section */
		6C07CDDF289F894F004D2A27 /* AppDelegate.swift in Sources */ = {isa = PBXBuildFile; fileRef = 6C07CDDE289F894F004D2A27 /* AppDelegate.swift */; };
		6C07CDE1289F894F004D2A27 /* ViewController.swift in Sources */ = {isa = PBXBuildFile; fileRef = 6C07CDE0289F894F004D2A27 /* ViewController.swift */; };
		6C07CDE4289F894F004D2A27 /* Main.storyboard in Resources */ = {isa = PBXBuildFile; fileRef = 6C07CDE2289F894F004D2A27 /* Main.storyboard */; };
		6C07CDE6289F8951004D2A27 /* Assets.xcassets in Resources */ = {isa = PBXBuildFile; fileRef = 6C07CDE5289F8951004D2A27 /* Assets.xcassets */; };
		6C07CDE9289F8951004D2A27 /* LaunchScreen.storyboard in Resources */ = {isa = PBXBuildFile; fileRef = 6C07CDE7289F8951004D2A27 /* LaunchScreen.storyboard */; };
		6C07CDF2289F896E004D2A27 /* Experience.rcproject in Sources */ = {isa = PBXBuildFile; fileRef = 6C07CDED289F896D004D2A27 /* Experience.rcproject */; };
		6C07CDF3289F896E004D2A27 /* GlitchRGBSplit.metal in Sources */ = {isa = PBXBuildFile; fileRef = 6C07CDEE289F896D004D2A27 /* GlitchRGBSplit.metal */; };
		6C8E64B028AB9B1100265189 /* GlitchRGBSplit.swift in Sources */ = {isa = PBXBuildFile; fileRef = 6C8E64AF28AB9B1100265189 /* GlitchRGBSplit.swift */; };
/* End PBXBuildFile section */

/* Begin PBXFileReference section */
		6C07CDDC289F894F004D2A27 /* S01_Glitch.app */ = {isa = PBXFileReference; explicitFileType = wrapper.application; includeInIndex = 0; path = S01_Glitch.app; sourceTree = BUILT_PRODUCTS_DIR; };
		6C07CDDE289F894F004D2A27 /* AppDelegate.swift */ = {isa = PBXFileReference; lastKnownFileType = sourcecode.swift; path = AppDelegate.swift; sourceTree = "<group>"; };
		6C07CDE0289F894F004D2A27 /* ViewController.swift */ = {isa = PBXFileReference; lastKnownFileType = sourcecode.swift; path = ViewController.swift; sourceTree = "<group>"; };
		6C07CDE3289F894F004D2A27 /* Base */ = {isa = PBXFileReference; lastKnownFileType = file.storyboard; name = Base; path = Base.lproj/Main.storyboard; sourceTree = "<group>"; };
		6C07CDE5289F8951004D2A27 /* Assets.xcassets */ = {isa = PBXFileReference; lastKnownFileType = folder.assetcatalog; path = Assets.xcassets; sourceTree = "<group>"; };
		6C07CDE8289F8951004D2A27 /* Base */ = {isa = PBXFileReference; lastKnownFileType = file.storyboard; name = Base; path = Base.lproj/LaunchScreen.storyboard; sourceTree = "<group>"; };
		6C07CDED289F896D004D2A27 /* Experience.rcproject */ = {isa = PBXFileReference; lastKnownFileType = file.rcproject; path = Experience.rcproject; sourceTree = "<group>"; };
		6C07CDEE289F896D004D2A27 /* GlitchRGBSplit.metal */ = {isa = PBXFileReference; fileEncoding = 4; lastKnownFileType = sourcecode.metal; path = GlitchRGBSplit.metal; sourceTree = "<group>"; };
		6C07CDEF289F896D004D2A27 /* GlitchStruct.h */ = {isa = PBXFileReference; fileEncoding = 4; lastKnownFileType = sourcecode.c.h; path = GlitchStruct.h; sourceTree = "<group>"; };
		6C07CDF0289F896E004D2A27 /* BridgeHeader.h */ = {isa = PBXFileReference; fileEncoding = 4; lastKnownFileType = sourcecode.c.h; path = BridgeHeader.h; sourceTree = "<group>"; };
		6C8E64AF28AB9B1100265189 /* GlitchRGBSplit.swift */ = {isa = PBXFileReference; lastKnownFileType = sourcecode.swift; path = GlitchRGBSplit.swift; sourceTree = "<group>"; };
/* End PBXFileReference section */

/* Begin PBXFrameworksBuildPhase section */
		6C07CDD9289F894F004D2A27 /* Frameworks */ = {
			isa = PBXFrameworksBuildPhase;
			buildActionMask = 2147483647;
			files = (
			);
			runOnlyForDeploymentPostprocessing = 0;
		};
/* End PBXFrameworksBuildPhase section */

/* Begin PBXGroup section */
		6C07CD87289F8601004D2A27 = {
			isa = PBXGroup;
			children = (
				6C07CDDD289F894F004D2A27 /* S01_Glitch */,
				6C07CD91289F8601004D2A27 /* Products */,
			);
			sourceTree = "<group>";
		};
		6C07CD91289F8601004D2A27 /* Products */ = {
			isa = PBXGroup;
			children = (
				6C07CDDC289F894F004D2A27 /* S01_Glitch.app */,
			);
			name = Products;
			sourceTree = "<group>";
		};
		6C07CDDD289F894F004D2A27 /* S01_Glitch */ = {
			isa = PBXGroup;
			children = (
				6C07CDDE289F894F004D2A27 /* AppDelegate.swift */,
				6C07CDE0289F894F004D2A27 /* ViewController.swift */,
				6C8E64AF28AB9B1100265189 /* GlitchRGBSplit.swift */,
				6C07CDF0289F896E004D2A27 /* BridgeHeader.h */,
				6C07CDED289F896D004D2A27 /* Experience.rcproject */,
				6C07CDEE289F896D004D2A27 /* GlitchRGBSplit.metal */,
				6C07CDEF289F896D004D2A27 /* GlitchStruct.h */,
				6C07CDE2289F894F004D2A27 /* Main.storyboard */,
				6C07CDE5289F8951004D2A27 /* Assets.xcassets */,
				6C07CDE7289F8951004D2A27 /* LaunchScreen.storyboard */,
			);
			path = S01_Glitch;
			sourceTree = "<group>";
		};
/* End PBXGroup section */

/* Begin PBXNativeTarget section */
		6C07CDDB289F894F004D2A27 /* S01_Glitch */ = {
			isa = PBXNativeTarget;
			buildConfigurationList = 6C07CDEA289F8951004D2A27 /* Build configuration list for PBXNativeTarget "S01_Glitch" */;
			buildPhases = (
				6C07CDD8289F894F004D2A27 /* Sources */,
				6C07CDD9289F894F004D2A27 /* Frameworks */,
				6C07CDDA289F894F004D2A27 /* Resources */,
			);
			buildRules = (
			);
			dependencies = (
			);
			name = S01_Glitch;
			productName = S01_Glitch;
			productReference = 6C07CDDC289F894F004D2A27 /* S01_Glitch.app */;
			productType = "com.apple.product-type.application";
		};
/* End PBXNativeTarget section */

/* Begin PBXProject section */
		6C07CD88289F8601004D2A27 /* Project object */ = {
			isa = PBXProject;
			attributes = {
				BuildIndependentTargetsInParallel = 1;
				LastSwiftUpdateCheck = 1340;
				LastUpgradeCheck = 1340;
				TargetAttributes = {
					6C07CDDB289F894F004D2A27 = {
						CreatedOnToolsVersion = 13.4.1;
					};
				};
			};
			buildConfigurationList = 6C07CD8B289F8601004D2A27 /* Build configuration list for PBXProject "ShadersForRealityKit" */;
			compatibilityVersion = "Xcode 13.0";
			developmentRegion = en;
			hasScannedForEncodings = 0;
			knownRegions = (
				en,
				Base,
			);
			mainGroup = 6C07CD87289F8601004D2A27;
			productRefGroup = 6C07CD91289F8601004D2A27 /* Products */;
			projectDirPath = "";
			projectRoot = "";
			targets = (
				6C07CDDB289F894F004D2A27 /* S01_Glitch */,
			);
		};
/* End PBXProject section */

/* Begin PBXResourcesBuildPhase section */
		6C07CDDA289F894F004D2A27 /* Resources */ = {
			isa = PBXResourcesBuildPhase;
			buildActionMask = 2147483647;
			files = (
				6C07CDE9289F8951004D2A27 /* LaunchScreen.storyboard in Resources */,
				6C07CDE6289F8951004D2A27 /* Assets.xcassets in Resources */,
				6C07CDE4289F894F004D2A27 /* Main.storyboard in Resources */,
			);
			runOnlyForDeploymentPostprocessing = 0;
		};
/* End PBXResourcesBuildPhase section */

/* Begin PBXSourcesBuildPhase section */
		6C07CDD8289F894F004D2A27 /* Sources */ = {
			isa = PBXSourcesBuildPhase;
			buildActionMask = 2147483647;
			files = (
				6C07CDE1289F894F004D2A27 /* ViewController.swift in Sources */,
				6C07CDDF289F894F004D2A27 /* AppDelegate.swift in Sources */,
				6C07CDF2289F896E004D2A27 /* Experience.rcproject in Sources */,
				6C07CDF3289F896E004D2A27 /* GlitchRGBSplit.metal in Sources */,
				6C8E64B028AB9B1100265189 /* GlitchRGBSplit.swift in Sources */,
			);
			runOnlyForDeploymentPostprocessing = 0;
		};
/* End PBXSourcesBuildPhase section */

/* Begin PBXVariantGroup section */
		6C07CDE2289F894F004D2A27 /* Main.storyboard */ = {
			isa = PBXVariantGroup;
			children = (
				6C07CDE3289F894F004D2A27 /* Base */,
			);
			name = Main.storyboard;
			sourceTree = "<group>";
		};
		6C07CDE7289F8951004D2A27 /* LaunchScreen.storyboard */ = {
			isa = PBXVariantGroup;
			children = (
				6C07CDE8289F8951004D2A27 /* Base */,
			);
			name = LaunchScreen.storyboard;
			sourceTree = "<group>";
		};
/* End PBXVariantGroup section */

/* Begin XCBuildConfiguration section */
		6C07CDA1289F8607004D2A27 /* Debug */ = {
			isa = XCBuildConfiguration;
			buildSettings = {
				ALWAYS_SEARCH_USER_PATHS = NO;
				CLANG_ANALYZER_NONNULL = YES;
				CLANG_ANALYZER_NUMBER_OBJECT_CONVERSION = YES_AGGRESSIVE;
				CLANG_CXX_LANGUAGE_STANDARD = "gnu++17";
				CLANG_ENABLE_MODULES = YES;
				CLANG_ENABLE_OBJC_ARC = YES;
				CLANG_ENABLE_OBJC_WEAK = YES;
				CLANG_WARN_BLOCK_CAPTURE_AUTORELEASING = YES;
				CLANG_WARN_BOOL_CONVERSION = YES;
				CLANG_WARN_COMMA = YES;
				CLANG_WARN_CONSTANT_CONVERSION = YES;
				CLANG_WARN_DEPRECATED_OBJC_IMPLEMENTATIONS = YES;
				CLANG_WARN_DIRECT_OBJC_ISA_USAGE = YES_ERROR;
				CLANG_WARN_DOCUMENTATION_COMMENTS = YES;
				CLANG_WARN_EMPTY_BODY = YES;
				CLANG_WARN_ENUM_CONVERSION = YES;
				CLANG_WARN_INFINITE_RECURSION = YES;
				CLANG_WARN_INT_CONVERSION = YES;
				CLANG_WARN_NON_LITERAL_NULL_CONVERSION = YES;
				CLANG_WARN_OBJC_IMPLICIT_RETAIN_SELF = YES;
				CLANG_WARN_OBJC_LITERAL_CONVERSION = YES;
				CLANG_WARN_OBJC_ROOT_CLASS = YES_ERROR;
				CLANG_WARN_QUOTED_INCLUDE_IN_FRAMEWORK_HEADER = YES;
				CLANG_WARN_RANGE_LOOP_ANALYSIS = YES;
				CLANG_WARN_STRICT_PROTOTYPES = YES;
				CLANG_WARN_SUSPICIOUS_MOVE = YES;
				CLANG_WARN_UNGUARDED_AVAILABILITY = YES_AGGRESSIVE;
				CLANG_WARN_UNREACHABLE_CODE = YES;
				CLANG_WARN__DUPLICATE_METHOD_MATCH = YES;
				COPY_PHASE_STRIP = NO;
				DEBUG_INFORMATION_FORMAT = dwarf;
				ENABLE_STRICT_OBJC_MSGSEND = YES;
				ENABLE_TESTABILITY = YES;
				GCC_C_LANGUAGE_STANDARD = gnu11;
				GCC_DYNAMIC_NO_PIC = NO;
				GCC_NO_COMMON_BLOCKS = YES;
				GCC_OPTIMIZATION_LEVEL = 0;
				GCC_PREPROCESSOR_DEFINITIONS = (
					"DEBUG=1",
					"$(inherited)",
				);
				GCC_WARN_64_TO_32_BIT_CONVERSION = YES;
				GCC_WARN_ABOUT_RETURN_TYPE = YES_ERROR;
				GCC_WARN_UNDECLARED_SELECTOR = YES;
				GCC_WARN_UNINITIALIZED_AUTOS = YES_AGGRESSIVE;
				GCC_WARN_UNUSED_FUNCTION = YES;
				GCC_WARN_UNUSED_VARIABLE = YES;
				IPHONEOS_DEPLOYMENT_TARGET = 15.5;
				MTL_ENABLE_DEBUG_INFO = INCLUDE_SOURCE;
				MTL_FAST_MATH = YES;
				ONLY_ACTIVE_ARCH = YES;
				SDKROOT = iphoneos;
				SWIFT_ACTIVE_COMPILATION_CONDITIONS = DEBUG;
				SWIFT_OPTIMIZATION_LEVEL = "-Onone";
			};
			name = Debug;
		};
		6C07CDA2289F8607004D2A27 /* Release */ = {
			isa = XCBuildConfiguration;
			buildSettings = {
				ALWAYS_SEARCH_USER_PATHS = NO;
				CLANG_ANALYZER_NONNULL = YES;
				CLANG_ANALYZER_NUMBER_OBJECT_CONVERSION = YES_AGGRESSIVE;
				CLANG_CXX_LANGUAGE_STANDARD = "gnu++17";
				CLANG_ENABLE_MODULES = YES;
				CLANG_ENABLE_OBJC_ARC = YES;
				CLANG_ENABLE_OBJC_WEAK = YES;
				CLANG_WARN_BLOCK_CAPTURE_AUTORELEASING = YES;
				CLANG_WARN_BOOL_CONVERSION = YES;
				CLANG_WARN_COMMA = YES;
				CLANG_WARN_CONSTANT_CONVERSION = YES;
				CLANG_WARN_DEPRECATED_OBJC_IMPLEMENTATIONS = YES;
				CLANG_WARN_DIRECT_OBJC_ISA_USAGE = YES_ERROR;
				CLANG_WARN_DOCUMENTATION_COMMENTS = YES;
				CLANG_WARN_EMPTY_BODY = YES;
				CLANG_WARN_ENUM_CONVERSION = YES;
				CLANG_WARN_INFINITE_RECURSION = YES;
				CLANG_WARN_INT_CONVERSION = YES;
				CLANG_WARN_NON_LITERAL_NULL_CONVERSION = YES;
				CLANG_WARN_OBJC_IMPLICIT_RETAIN_SELF = YES;
				CLANG_WARN_OBJC_LITERAL_CONVERSION = YES;
				CLANG_WARN_OBJC_ROOT_CLASS = YES_ERROR;
				CLANG_WARN_QUOTED_INCLUDE_IN_FRAMEWORK_HEADER = YES;
				CLANG_WARN_RANGE_LOOP_ANALYSIS = YES;
				CLANG_WARN_STRICT_PROTOTYPES = YES;
				CLANG_WARN_SUSPICIOUS_MOVE = YES;
				CLANG_WARN_UNGUARDED_AVAILABILITY = YES_AGGRESSIVE;
				CLANG_WARN_UNREACHABLE_CODE = YES;
				CLANG_WARN__DUPLICATE_METHOD_MATCH = YES;
				COPY_PHASE_STRIP = NO;
				DEBUG_INFORMATION_FORMAT = "dwarf-with-dsym";
				ENABLE_NS_ASSERTIONS = NO;
				ENABLE_STRICT_OBJC_MSGSEND = YES;
				GCC_C_LANGUAGE_STANDARD = gnu11;
				GCC_NO_COMMON_BLOCKS = YES;
				GCC_WARN_64_TO_32_BIT_CONVERSION = YES;
				GCC_WARN_ABOUT_RETURN_TYPE = YES_ERROR;
				GCC_WARN_UNDECLARED_SELECTOR = YES;
				GCC_WARN_UNINITIALIZED_AUTOS = YES_AGGRESSIVE;
				GCC_WARN_UNUSED_FUNCTION = YES;
				GCC_WARN_UNUSED_VARIABLE = YES;
				IPHONEOS_DEPLOYMENT_TARGET = 15.5;
				MTL_ENABLE_DEBUG_INFO = NO;
				MTL_FAST_MATH = YES;
				SDKROOT = iphoneos;
				SWIFT_COMPILATION_MODE = wholemodule;
				SWIFT_OPTIMIZATION_LEVEL = "-O";
				VALIDATE_PRODUCT = YES;
			};
			name = Release;
		};
		6C07CDEB289F8951004D2A27 /* Debug */ = {
			isa = XCBuildConfiguration;
			buildSettings = {
				ASSETCATALOG_COMPILER_APPICON_NAME = AppIcon;
				ASSETCATALOG_COMPILER_GLOBAL_ACCENT_COLOR_NAME = AccentColor;
				CODE_SIGN_STYLE = Automatic;
				CURRENT_PROJECT_VERSION = 1;
				DEVELOPMENT_TEAM = T59W99K34W;
				GENERATE_INFOPLIST_FILE = YES;
				INFOPLIST_KEY_NSCameraUsageDescription = "";
				INFOPLIST_KEY_UIApplicationSupportsIndirectInputEvents = YES;
				INFOPLIST_KEY_UILaunchStoryboardName = LaunchScreen;
				INFOPLIST_KEY_UIMainStoryboardFile = Main;
				INFOPLIST_KEY_UIRequiredDeviceCapabilities = arkit;
				INFOPLIST_KEY_UIStatusBarHidden = YES;
				INFOPLIST_KEY_UISupportedInterfaceOrientations_iPad = "UIInterfaceOrientationPortrait UIInterfaceOrientationPortraitUpsideDown UIInterfaceOrientationLandscapeLeft UIInterfaceOrientationLandscapeRight";
				INFOPLIST_KEY_UISupportedInterfaceOrientations_iPhone = "UIInterfaceOrientationPortrait UIInterfaceOrientationLandscapeLeft UIInterfaceOrientationLandscapeRight";
				LD_RUNPATH_SEARCH_PATHS = (
					"$(inherited)",
					"@executable_path/Frameworks",
				);
				MARKETING_VERSION = 1.0;
				PRODUCT_BUNDLE_IDENTIFIER = "com.ar.S01-Glitch";
				PRODUCT_NAME = "$(TARGET_NAME)";
				SWIFT_EMIT_LOC_STRINGS = YES;
				SWIFT_OBJC_BRIDGING_HEADER = "$(SRCROOT)/S01_Glitch/BridgeHeader.h";
				SWIFT_VERSION = 5.0;
				TARGETED_DEVICE_FAMILY = "1,2";
			};
			name = Debug;
		};
		6C07CDEC289F8951004D2A27 /* Release */ = {
			isa = XCBuildConfiguration;
			buildSettings = {
				ASSETCATALOG_COMPILER_APPICON_NAME = AppIcon;
				ASSETCATALOG_COMPILER_GLOBAL_ACCENT_COLOR_NAME = AccentColor;
				CODE_SIGN_STYLE = Automatic;
				CURRENT_PROJECT_VERSION = 1;
				DEVELOPMENT_TEAM = T59W99K34W;
				GENERATE_INFOPLIST_FILE = YES;
				INFOPLIST_KEY_NSCameraUsageDescription = "";
				INFOPLIST_KEY_UIApplicationSupportsIndirectInputEvents = YES;
				INFOPLIST_KEY_UILaunchStoryboardName = LaunchScreen;
				INFOPLIST_KEY_UIMainStoryboardFile = Main;
				INFOPLIST_KEY_UIRequiredDeviceCapabilities = arkit;
				INFOPLIST_KEY_UIStatusBarHidden = YES;
				INFOPLIST_KEY_UISupportedInterfaceOrientations_iPad = "UIInterfaceOrientationPortrait UIInterfaceOrientationPortraitUpsideDown UIInterfaceOrientationLandscapeLeft UIInterfaceOrientationLandscapeRight";
				INFOPLIST_KEY_UISupportedInterfaceOrientations_iPhone = "UIInterfaceOrientationPortrait UIInterfaceOrientationLandscapeLeft UIInterfaceOrientationLandscapeRight";
				LD_RUNPATH_SEARCH_PATHS = (
					"$(inherited)",
					"@executable_path/Frameworks",
				);
				MARKETING_VERSION = 1.0;
				PRODUCT_BUNDLE_IDENTIFIER = "com.ar.S01-Glitch";
				PRODUCT_NAME = "$(TARGET_NAME)";
				SWIFT_EMIT_LOC_STRINGS = YES;
				SWIFT_OBJC_BRIDGING_HEADER = "$(SRCROOT)/S01_Glitch/BridgeHeader.h";
				SWIFT_VERSION = 5.0;
				TARGETED_DEVICE_FAMILY = "1,2";
			};
			name = Release;
		};
/* End XCBuildConfiguration section */

/* Begin XCConfigurationList section */
		6C07CD8B289F8601004D2A27 /* Build configuration list for PBXProject "ShadersForRealityKit" */ = {
			isa = XCConfigurationList;
			buildConfigurations = (
				6C07CDA1289F8607004D2A27 /* Debug */,
				6C07CDA2289F8607004D2A27 /* Release */,
			);
			defaultConfigurationIsVisible = 0;
			defaultConfigurationName = Release;
		};
		6C07CDEA289F8951004D2A27 /* Build configuration list for PBXNativeTarget "S01_Glitch" */ = {
			isa = XCConfigurationList;
			buildConfigurations = (
				6C07CDEB289F8951004D2A27 /* Debug */,
				6C07CDEC289F8951004D2A27 /* Release */,
			);
			defaultConfigurationIsVisible = 0;
			defaultConfigurationName = Release;
		};
/* End XCConfigurationList section */
	};
	rootObject = 6C07CD88289F8601004D2A27 /* Project object */;
}
